
Microsoft Visual Studio Solution File, Format Version 12.00
# Visual Studio 15
VisualStudioVersion = 15.0.28307.1022
MinimumVisualStudioVersion = 10.0.40219.1
Project("{FAE04EC0-301F-11D3-BF4B-00C04F79EFBC}") = "WindowsFormsAddinAddDEM", "AddinADDDEM\WindowsFormsAddinAddDEM\WindowsFormsAddinAddDEM.csproj", "{78D1D5EC-3A2D-40AD-8877-8E8BF4D31223}"
EndProject
Project("{FAE04EC0-301F-11D3-BF4B-00C04F79EFBC}") = "CommonControlWindow", "CommonControlWindow\CommonControlWindow\CommonControlWindow.csproj", "{311C9281-2AE6-4DC1-9335-17C84740A79A}"
EndProject
Project("{FAE04EC0-301F-11D3-BF4B-00C04F79EFBC}") = "PrepareReliefSRC", "PrepareReliefSRC\PrepareReliefSRC\PrepareReliefSRC.csproj", "{C9F378CE-F561-426D-B1EB-705C702626E8}"
EndProject
Global
	GlobalSection(SolutionConfigurationPlatforms) = preSolution
		Debug|Any CPU = Debug|Any CPU
		Release|Any CPU = Release|Any CPU
	EndGlobalSection
	GlobalSection(ProjectConfigurationPlatforms) = postSolution
		{78D1D5EC-3A2D-40AD-8877-8E8BF4D31223}.Debug|Any CPU.ActiveCfg = Debug|Any CPU
		{78D1D5EC-3A2D-40AD-8877-8E8BF4D31223}.Debug|Any CPU.Build.0 = Debug|Any CPU
		{78D1D5EC-3A2D-40AD-8877-8E8BF4D31223}.Release|Any CPU.ActiveCfg = Release|Any CPU
		{78D1D5EC-3A2D-40AD-8877-8E8BF4D31223}.Release|Any CPU.Build.0 = Release|Any CPU
		{311C9281-2AE6-4DC1-9335-17C84740A79A}.Debug|Any CPU.ActiveCfg = Debug|Any CPU
		{311C9281-2AE6-4DC1-9335-17C84740A79A}.Debug|Any CPU.Build.0 = Debug|Any CPU
		{311C9281-2AE6-4DC1-9335-17C84740A79A}.Release|Any CPU.ActiveCfg = Release|Any CPU
		{311C9281-2AE6-4DC1-9335-17C84740A79A}.Release|Any CPU.Build.0 = Release|Any CPU
		{C9F378CE-F561-426D-B1EB-705C702626E8}.Debug|Any CPU.ActiveCfg = Debug|Any CPU
		{C9F378CE-F561-426D-B1EB-705C702626E8}.Debug|Any CPU.Build.0 = Debug|Any CPU
		{C9F378CE-F561-426D-B1EB-705C702626E8}.Release|Any CPU.ActiveCfg = Release|Any CPU
		{C9F378CE-F561-426D-B1EB-705C702626E8}.Release|Any CPU.Build.0 = Release|Any CPU
	EndGlobalSection
	GlobalSection(SolutionProperties) = preSolution
		HideSolutionNode = FALSE
	EndGlobalSection
	GlobalSection(ExtensibilityGlobals) = postSolution
		SolutionGuid = {F25EDDA5-DF54-41A2-914B-E75DAEDED1FE}
	EndGlobalSection
EndGlobal
