
Microsoft Visual Studio Solution File, Format Version 12.00
# Visual Studio 15
VisualStudioVersion = 15.0.28307.106
MinimumVisualStudioVersion = 10.0.40219.1
Project("{FAE04EC0-301F-11D3-BF4B-00C04F79EFBC}") = "MilSpace.DataAccess", "MilSpace.DataAccess\MilSpace.DataAccess.csproj", "{651C40FA-E0B6-45FF-9B3E-9341EB671754}"
EndProject
Project("{FAE04EC0-301F-11D3-BF4B-00C04F79EFBC}") = "MilSpace.Configurations", "..\MilSpace.Configurations\MilSpace.Configurations.csproj", "{73334B96-54FD-4D83-B56D-967F8728D767}"
EndProject
Global
	GlobalSection(SolutionConfigurationPlatforms) = preSolution
		Debug|Any CPU = Debug|Any CPU
		Release|Any CPU = Release|Any CPU
	EndGlobalSection
	GlobalSection(ProjectConfigurationPlatforms) = postSolution
		{651C40FA-E0B6-45FF-9B3E-9341EB671754}.Debug|Any CPU.ActiveCfg = Debug|Any CPU
		{651C40FA-E0B6-45FF-9B3E-9341EB671754}.Debug|Any CPU.Build.0 = Debug|Any CPU
		{651C40FA-E0B6-45FF-9B3E-9341EB671754}.Release|Any CPU.ActiveCfg = Release|Any CPU
		{651C40FA-E0B6-45FF-9B3E-9341EB671754}.Release|Any CPU.Build.0 = Release|Any CPU
		{73334B96-54FD-4D83-B56D-967F8728D767}.Debug|Any CPU.ActiveCfg = Debug|Any CPU
		{73334B96-54FD-4D83-B56D-967F8728D767}.Debug|Any CPU.Build.0 = Debug|Any CPU
		{73334B96-54FD-4D83-B56D-967F8728D767}.Release|Any CPU.ActiveCfg = Release|Any CPU
		{73334B96-54FD-4D83-B56D-967F8728D767}.Release|Any CPU.Build.0 = Release|Any CPU
	EndGlobalSection
	GlobalSection(SolutionProperties) = preSolution
		HideSolutionNode = FALSE
	EndGlobalSection
	GlobalSection(ExtensibilityGlobals) = postSolution
		SolutionGuid = {3A36330D-58C6-4301-8CA7-13EDA97C7DF0}
	EndGlobalSection
EndGlobal
