
Microsoft Visual Studio Solution File, Format Version 12.00
# Visual Studio 15
VisualStudioVersion = 15.0.28307.106
MinimumVisualStudioVersion = 10.0.40219.1
Project("{FAE04EC0-301F-11D3-BF4B-00C04F79EFBC}") = "MilSpace.Profile.ArcGISAddIn", "..\Add-ins\MilSpace.Profile.ArcMapAddin\MilSpace.Profile.ArcGISAddIn.csproj", "{A3CA6E5C-FAC0-4B81-A812-562F1F59CBA5}"
EndProject
Project("{FAE04EC0-301F-11D3-BF4B-00C04F79EFBC}") = "MilSpace.Visibility.ArcMapAddin", "..\Add-ins\MilSpace.Visibility.ArcMapAddin\MilSpace.Visibility.ArcMapAddin.csproj", "{B8A76C95-CC2B-4643-BBF8-ED33BDA7F512}"
EndProject
Project("{FAE04EC0-301F-11D3-BF4B-00C04F79EFBC}") = "MilSpace.DataAccess", "..\Core\MilSpace.DataAccess\MilSpace.DataAccess\MilSpace.DataAccess.csproj", "{651C40FA-E0B6-45FF-9B3E-9341EB671754}"
EndProject
Project("{FAE04EC0-301F-11D3-BF4B-00C04F79EFBC}") = "MilSpace.Configurations", "..\Core\MilSpace.Configurations\MilSpace.Configurations.csproj", "{73334B96-54FD-4D83-B56D-967F8728D767}"
EndProject
Project("{FAE04EC0-301F-11D3-BF4B-00C04F79EFBC}") = "MilSpace.ArcGIS.License", "..\Core\MilSpace.ArcGIS.License\ArcGIS.v10\MilSpace.ArcGIS.License.csproj", "{7EFE422C-B0AE-432C-AC29-DE48CA9D0867}"
EndProject
Project("{FAE04EC0-301F-11D3-BF4B-00C04F79EFBC}") = "MilSpace.Core", "..\Core\MilSpace.Core\MilSpace.Core.csproj", "{02023D3D-4F73-4E7E-A78F-EEAA5D66DEAC}"
EndProject
Project("{FAE04EC0-301F-11D3-BF4B-00C04F79EFBC}") = "MilSpace.Tools", "..\Core\MilSpace.Tools\MilSpace.Tools.csproj", "{CBD5675B-F382-497D-98CC-70539ED658B9}"
EndProject
Project("{FAE04EC0-301F-11D3-BF4B-00C04F79EFBC}") = "SurfaceProfileChart", "..\..\Model\SurfaceProfileChart\SurfaceProfileChart.csproj", "{51A40FE9-BE4F-43EE-A86E-B854E67B788F}"
EndProject
Global
	GlobalSection(SolutionConfigurationPlatforms) = preSolution
		Debug|Any CPU = Debug|Any CPU
		Debug|x64 = Debug|x64
		Debug|x86 = Debug|x86
		Release|Any CPU = Release|Any CPU
		Release|x64 = Release|x64
		Release|x86 = Release|x86
	EndGlobalSection
	GlobalSection(ProjectConfigurationPlatforms) = postSolution
		{A3CA6E5C-FAC0-4B81-A812-562F1F59CBA5}.Debug|Any CPU.ActiveCfg = Debug|Any CPU
		{A3CA6E5C-FAC0-4B81-A812-562F1F59CBA5}.Debug|Any CPU.Build.0 = Debug|Any CPU
		{A3CA6E5C-FAC0-4B81-A812-562F1F59CBA5}.Debug|x64.ActiveCfg = Debug|Any CPU
		{A3CA6E5C-FAC0-4B81-A812-562F1F59CBA5}.Debug|x64.Build.0 = Debug|Any CPU
		{A3CA6E5C-FAC0-4B81-A812-562F1F59CBA5}.Debug|x86.ActiveCfg = Debug|Any CPU
		{A3CA6E5C-FAC0-4B81-A812-562F1F59CBA5}.Debug|x86.Build.0 = Debug|Any CPU
		{A3CA6E5C-FAC0-4B81-A812-562F1F59CBA5}.Release|Any CPU.ActiveCfg = Release|Any CPU
		{A3CA6E5C-FAC0-4B81-A812-562F1F59CBA5}.Release|Any CPU.Build.0 = Release|Any CPU
		{A3CA6E5C-FAC0-4B81-A812-562F1F59CBA5}.Release|x64.ActiveCfg = Release|Any CPU
		{A3CA6E5C-FAC0-4B81-A812-562F1F59CBA5}.Release|x64.Build.0 = Release|Any CPU
		{A3CA6E5C-FAC0-4B81-A812-562F1F59CBA5}.Release|x86.ActiveCfg = Release|Any CPU
		{A3CA6E5C-FAC0-4B81-A812-562F1F59CBA5}.Release|x86.Build.0 = Release|Any CPU
		{B8A76C95-CC2B-4643-BBF8-ED33BDA7F512}.Debug|Any CPU.ActiveCfg = Debug|Any CPU
		{B8A76C95-CC2B-4643-BBF8-ED33BDA7F512}.Debug|Any CPU.Build.0 = Debug|Any CPU
		{B8A76C95-CC2B-4643-BBF8-ED33BDA7F512}.Debug|x64.ActiveCfg = Debug|Any CPU
		{B8A76C95-CC2B-4643-BBF8-ED33BDA7F512}.Debug|x64.Build.0 = Debug|Any CPU
		{B8A76C95-CC2B-4643-BBF8-ED33BDA7F512}.Debug|x86.ActiveCfg = Debug|Any CPU
		{B8A76C95-CC2B-4643-BBF8-ED33BDA7F512}.Debug|x86.Build.0 = Debug|Any CPU
		{B8A76C95-CC2B-4643-BBF8-ED33BDA7F512}.Release|Any CPU.ActiveCfg = Release|Any CPU
		{B8A76C95-CC2B-4643-BBF8-ED33BDA7F512}.Release|Any CPU.Build.0 = Release|Any CPU
		{B8A76C95-CC2B-4643-BBF8-ED33BDA7F512}.Release|x64.ActiveCfg = Release|Any CPU
		{B8A76C95-CC2B-4643-BBF8-ED33BDA7F512}.Release|x64.Build.0 = Release|Any CPU
		{B8A76C95-CC2B-4643-BBF8-ED33BDA7F512}.Release|x86.ActiveCfg = Release|Any CPU
		{B8A76C95-CC2B-4643-BBF8-ED33BDA7F512}.Release|x86.Build.0 = Release|Any CPU
		{651C40FA-E0B6-45FF-9B3E-9341EB671754}.Debug|Any CPU.ActiveCfg = Debug|Any CPU
		{651C40FA-E0B6-45FF-9B3E-9341EB671754}.Debug|Any CPU.Build.0 = Debug|Any CPU
		{651C40FA-E0B6-45FF-9B3E-9341EB671754}.Debug|x64.ActiveCfg = Debug|Any CPU
		{651C40FA-E0B6-45FF-9B3E-9341EB671754}.Debug|x64.Build.0 = Debug|Any CPU
		{651C40FA-E0B6-45FF-9B3E-9341EB671754}.Debug|x86.ActiveCfg = Debug|Any CPU
		{651C40FA-E0B6-45FF-9B3E-9341EB671754}.Debug|x86.Build.0 = Debug|Any CPU
		{651C40FA-E0B6-45FF-9B3E-9341EB671754}.Release|Any CPU.ActiveCfg = Release|Any CPU
		{651C40FA-E0B6-45FF-9B3E-9341EB671754}.Release|Any CPU.Build.0 = Release|Any CPU
		{651C40FA-E0B6-45FF-9B3E-9341EB671754}.Release|x64.ActiveCfg = Release|Any CPU
		{651C40FA-E0B6-45FF-9B3E-9341EB671754}.Release|x64.Build.0 = Release|Any CPU
		{651C40FA-E0B6-45FF-9B3E-9341EB671754}.Release|x86.ActiveCfg = Release|Any CPU
		{651C40FA-E0B6-45FF-9B3E-9341EB671754}.Release|x86.Build.0 = Release|Any CPU
		{73334B96-54FD-4D83-B56D-967F8728D767}.Debug|Any CPU.ActiveCfg = Debug|Any CPU
		{73334B96-54FD-4D83-B56D-967F8728D767}.Debug|Any CPU.Build.0 = Debug|Any CPU
		{73334B96-54FD-4D83-B56D-967F8728D767}.Debug|x64.ActiveCfg = Debug|Any CPU
		{73334B96-54FD-4D83-B56D-967F8728D767}.Debug|x64.Build.0 = Debug|Any CPU
		{73334B96-54FD-4D83-B56D-967F8728D767}.Debug|x86.ActiveCfg = Debug|Any CPU
		{73334B96-54FD-4D83-B56D-967F8728D767}.Debug|x86.Build.0 = Debug|Any CPU
		{73334B96-54FD-4D83-B56D-967F8728D767}.Release|Any CPU.ActiveCfg = Release|Any CPU
		{73334B96-54FD-4D83-B56D-967F8728D767}.Release|Any CPU.Build.0 = Release|Any CPU
		{73334B96-54FD-4D83-B56D-967F8728D767}.Release|x64.ActiveCfg = Release|Any CPU
		{73334B96-54FD-4D83-B56D-967F8728D767}.Release|x64.Build.0 = Release|Any CPU
		{73334B96-54FD-4D83-B56D-967F8728D767}.Release|x86.ActiveCfg = Release|Any CPU
		{73334B96-54FD-4D83-B56D-967F8728D767}.Release|x86.Build.0 = Release|Any CPU
		{7EFE422C-B0AE-432C-AC29-DE48CA9D0867}.Debug|Any CPU.ActiveCfg = Debug|Any CPU
		{7EFE422C-B0AE-432C-AC29-DE48CA9D0867}.Debug|Any CPU.Build.0 = Debug|Any CPU
		{7EFE422C-B0AE-432C-AC29-DE48CA9D0867}.Debug|x64.ActiveCfg = Debug|x64
		{7EFE422C-B0AE-432C-AC29-DE48CA9D0867}.Debug|x64.Build.0 = Debug|x64
		{7EFE422C-B0AE-432C-AC29-DE48CA9D0867}.Debug|x86.ActiveCfg = Debug|x86
		{7EFE422C-B0AE-432C-AC29-DE48CA9D0867}.Debug|x86.Build.0 = Debug|x86
		{7EFE422C-B0AE-432C-AC29-DE48CA9D0867}.Release|Any CPU.ActiveCfg = Release|Any CPU
		{7EFE422C-B0AE-432C-AC29-DE48CA9D0867}.Release|Any CPU.Build.0 = Release|Any CPU
		{7EFE422C-B0AE-432C-AC29-DE48CA9D0867}.Release|x64.ActiveCfg = Release|x64
		{7EFE422C-B0AE-432C-AC29-DE48CA9D0867}.Release|x64.Build.0 = Release|x64
		{7EFE422C-B0AE-432C-AC29-DE48CA9D0867}.Release|x86.ActiveCfg = Release|x86
		{7EFE422C-B0AE-432C-AC29-DE48CA9D0867}.Release|x86.Build.0 = Release|x86
		{02023D3D-4F73-4E7E-A78F-EEAA5D66DEAC}.Debug|Any CPU.ActiveCfg = Debug|Any CPU
		{02023D3D-4F73-4E7E-A78F-EEAA5D66DEAC}.Debug|Any CPU.Build.0 = Debug|Any CPU
		{02023D3D-4F73-4E7E-A78F-EEAA5D66DEAC}.Debug|x64.ActiveCfg = Debug|Any CPU
		{02023D3D-4F73-4E7E-A78F-EEAA5D66DEAC}.Debug|x64.Build.0 = Debug|Any CPU
		{02023D3D-4F73-4E7E-A78F-EEAA5D66DEAC}.Debug|x86.ActiveCfg = Debug|Any CPU
		{02023D3D-4F73-4E7E-A78F-EEAA5D66DEAC}.Debug|x86.Build.0 = Debug|Any CPU
		{02023D3D-4F73-4E7E-A78F-EEAA5D66DEAC}.Release|Any CPU.ActiveCfg = Release|Any CPU
		{02023D3D-4F73-4E7E-A78F-EEAA5D66DEAC}.Release|Any CPU.Build.0 = Release|Any CPU
		{02023D3D-4F73-4E7E-A78F-EEAA5D66DEAC}.Release|x64.ActiveCfg = Release|Any CPU
		{02023D3D-4F73-4E7E-A78F-EEAA5D66DEAC}.Release|x64.Build.0 = Release|Any CPU
		{02023D3D-4F73-4E7E-A78F-EEAA5D66DEAC}.Release|x86.ActiveCfg = Release|Any CPU
		{02023D3D-4F73-4E7E-A78F-EEAA5D66DEAC}.Release|x86.Build.0 = Release|Any CPU
		{CBD5675B-F382-497D-98CC-70539ED658B9}.Debug|Any CPU.ActiveCfg = Debug|Any CPU
		{CBD5675B-F382-497D-98CC-70539ED658B9}.Debug|Any CPU.Build.0 = Debug|Any CPU
		{CBD5675B-F382-497D-98CC-70539ED658B9}.Debug|x64.ActiveCfg = Debug|Any CPU
		{CBD5675B-F382-497D-98CC-70539ED658B9}.Debug|x64.Build.0 = Debug|Any CPU
		{CBD5675B-F382-497D-98CC-70539ED658B9}.Debug|x86.ActiveCfg = Debug|Any CPU
		{CBD5675B-F382-497D-98CC-70539ED658B9}.Debug|x86.Build.0 = Debug|Any CPU
		{CBD5675B-F382-497D-98CC-70539ED658B9}.Release|Any CPU.ActiveCfg = Release|Any CPU
		{CBD5675B-F382-497D-98CC-70539ED658B9}.Release|Any CPU.Build.0 = Release|Any CPU
		{CBD5675B-F382-497D-98CC-70539ED658B9}.Release|x64.ActiveCfg = Release|Any CPU
		{CBD5675B-F382-497D-98CC-70539ED658B9}.Release|x64.Build.0 = Release|Any CPU
		{CBD5675B-F382-497D-98CC-70539ED658B9}.Release|x86.ActiveCfg = Release|Any CPU
		{CBD5675B-F382-497D-98CC-70539ED658B9}.Release|x86.Build.0 = Release|Any CPU
		{51A40FE9-BE4F-43EE-A86E-B854E67B788F}.Debug|Any CPU.ActiveCfg = Debug|Any CPU
		{51A40FE9-BE4F-43EE-A86E-B854E67B788F}.Debug|Any CPU.Build.0 = Debug|Any CPU
		{51A40FE9-BE4F-43EE-A86E-B854E67B788F}.Debug|x64.ActiveCfg = Debug|Any CPU
		{51A40FE9-BE4F-43EE-A86E-B854E67B788F}.Debug|x64.Build.0 = Debug|Any CPU
		{51A40FE9-BE4F-43EE-A86E-B854E67B788F}.Debug|x86.ActiveCfg = Debug|Any CPU
		{51A40FE9-BE4F-43EE-A86E-B854E67B788F}.Debug|x86.Build.0 = Debug|Any CPU
		{51A40FE9-BE4F-43EE-A86E-B854E67B788F}.Release|Any CPU.ActiveCfg = Release|Any CPU
		{51A40FE9-BE4F-43EE-A86E-B854E67B788F}.Release|Any CPU.Build.0 = Release|Any CPU
		{51A40FE9-BE4F-43EE-A86E-B854E67B788F}.Release|x64.ActiveCfg = Release|Any CPU
		{51A40FE9-BE4F-43EE-A86E-B854E67B788F}.Release|x64.Build.0 = Release|Any CPU
		{51A40FE9-BE4F-43EE-A86E-B854E67B788F}.Release|x86.ActiveCfg = Release|Any CPU
		{51A40FE9-BE4F-43EE-A86E-B854E67B788F}.Release|x86.Build.0 = Release|Any CPU
	EndGlobalSection
	GlobalSection(SolutionProperties) = preSolution
		HideSolutionNode = FALSE
	EndGlobalSection
	GlobalSection(ExtensibilityGlobals) = postSolution
		SolutionGuid = {7D988BD6-7FB0-4FDC-BF59-457F51ECFBFE}
	EndGlobalSection
EndGlobal
